
Microsoft Visual Studio Solution File, Format Version 12.00
Project("{FAE04EC0-301F-11D3-BF4B-00C04F79EFBC}") = "MeetingManager", "MeetingManager\MeetingManager.csproj", "{46E61082-998A-4828-B5F6-226ADFC10FE8}"
EndProject
Global
	GlobalSection(SolutionConfigurationPlatforms) = preSolution
		Debug|Any CPU = Debug|Any CPU
		Release|Any CPU = Release|Any CPU
	EndGlobalSection
	GlobalSection(ProjectConfigurationPlatforms) = postSolution
		{46E61082-998A-4828-B5F6-226ADFC10FE8}.Debug|Any CPU.ActiveCfg = Debug|Any CPU
		{46E61082-998A-4828-B5F6-226ADFC10FE8}.Debug|Any CPU.Build.0 = Debug|Any CPU
		{46E61082-998A-4828-B5F6-226ADFC10FE8}.Release|Any CPU.ActiveCfg = Release|Any CPU
		{46E61082-998A-4828-B5F6-226ADFC10FE8}.Release|Any CPU.Build.0 = Release|Any CPU
	EndGlobalSection
EndGlobal
