
Microsoft Visual Studio Solution File, Format Version 12.00
# Visual Studio Version 16
VisualStudioVersion = 25.0.1706.13
MinimumVisualStudioVersion = 10.0.40219.1
Project("{FAE04EC0-301F-11D3-BF4B-00C04F79EFBC}") = "Area", "Area\Area.csproj", "{01CE524E-B0D5-4317-BEAB-4C159EEDF1C4}"
EndProject
Global
	GlobalSection(SolutionConfigurationPlatforms) = preSolution
		Debug|Any CPU = Debug|Any CPU
		Release|Any CPU = Release|Any CPU
	EndGlobalSection
	GlobalSection(ProjectConfigurationPlatforms) = postSolution
		{01CE524E-B0D5-4317-BEAB-4C159EEDF1C4}.Debug|Any CPU.ActiveCfg = Debug|Any CPU
		{01CE524E-B0D5-4317-BEAB-4C159EEDF1C4}.Debug|Any CPU.Build.0 = Debug|Any CPU
		{01CE524E-B0D5-4317-BEAB-4C159EEDF1C4}.Release|Any CPU.ActiveCfg = Release|Any CPU
		{01CE524E-B0D5-4317-BEAB-4C159EEDF1C4}.Release|Any CPU.Build.0 = Release|Any CPU
	EndGlobalSection
	GlobalSection(SolutionProperties) = preSolution
		HideSolutionNode = FALSE
	EndGlobalSection
	GlobalSection(ExtensibilityGlobals) = postSolution
		SolutionGuid = {889E90CB-0DDF-4A6A-9085-66C20CD7B204}
	EndGlobalSection
EndGlobal
